
Microsoft Visual Studio Solution File, Format Version 12.00
# Visual Studio 15
VisualStudioVersion = 15.0.28307.168
MinimumVisualStudioVersion = 10.0.40219.1
Project("{FAE04EC0-301F-11D3-BF4B-00C04F79EFBC}") = "calculator_csharp", "calculator_csharp\calculator_csharp.csproj", "{0DDC5402-416E-4E51-9769-7DE5D8DE1667}"
EndProject
Global
	GlobalSection(SolutionConfigurationPlatforms) = preSolution
		Debug|Any CPU = Debug|Any CPU
		Release|Any CPU = Release|Any CPU
	EndGlobalSection
	GlobalSection(ProjectConfigurationPlatforms) = postSolution
		{0DDC5402-416E-4E51-9769-7DE5D8DE1667}.Debug|Any CPU.ActiveCfg = Debug|Any CPU
		{0DDC5402-416E-4E51-9769-7DE5D8DE1667}.Debug|Any CPU.Build.0 = Debug|Any CPU
		{0DDC5402-416E-4E51-9769-7DE5D8DE1667}.Release|Any CPU.ActiveCfg = Release|Any CPU
		{0DDC5402-416E-4E51-9769-7DE5D8DE1667}.Release|Any CPU.Build.0 = Release|Any CPU
	EndGlobalSection
	GlobalSection(SolutionProperties) = preSolution
		HideSolutionNode = FALSE
	EndGlobalSection
	GlobalSection(ExtensibilityGlobals) = postSolution
		SolutionGuid = {53FC377D-B03B-4254-A510-AE3A6B16D740}
	EndGlobalSection
EndGlobal
